// !$*UTF8*$!
{
	archiveVersion = 1;
	classes = {
	};
	objectVersion = 46;
	objects = {

/* Begin PBXBuildFile section */
		FBD5B5E61D73A6120097C5D7 /* AppDelegate.swift in Sources */ = {isa = PBXBuildFile; fileRef = FBD5B5E51D73A6120097C5D7 /* AppDelegate.swift */; };
		FBD5B5E81D73A6120097C5D7 /* ViewController.swift in Sources */ = {isa = PBXBuildFile; fileRef = FBD5B5E71D73A6120097C5D7 /* ViewController.swift */; };
		FBD5B5EB1D73A6130097C5D7 /* Main.storyboard in Resources */ = {isa = PBXBuildFile; fileRef = FBD5B5E91D73A6130097C5D7 /* Main.storyboard */; };
		FBD5B5ED1D73A6130097C5D7 /* Assets.xcassets in Resources */ = {isa = PBXBuildFile; fileRef = FBD5B5EC1D73A6130097C5D7 /* Assets.xcassets */; };
		FBD5B5F01D73A6130097C5D7 /* LaunchScreen.storyboard in Resources */ = {isa = PBXBuildFile; fileRef = FBD5B5EE1D73A6130097C5D7 /* LaunchScreen.storyboard */; };
		FBD5B5FB1D73A6130097C5D7 /* ContactAppTests.swift in Sources */ = {isa = PBXBuildFile; fileRef = FBD5B5FA1D73A6130097C5D7 /* ContactAppTests.swift */; };
		FBD5B6061D73A6130097C5D7 /* ContactAppUITests.swift in Sources */ = {isa = PBXBuildFile; fileRef = FBD5B6051D73A6130097C5D7 /* ContactAppUITests.swift */; };
/* End PBXBuildFile section */

/* Begin PBXContainerItemProxy section */
		FBD5B5F71D73A6130097C5D7 /* PBXContainerItemProxy */ = {
			isa = PBXContainerItemProxy;
			containerPortal = FBD5B5DA1D73A6120097C5D7 /* Project object */;
			proxyType = 1;
			remoteGlobalIDString = FBD5B5E11D73A6120097C5D7;
			remoteInfo = ContactApp;
		};
		FBD5B6021D73A6130097C5D7 /* PBXContainerItemProxy */ = {
			isa = PBXContainerItemProxy;
			containerPortal = FBD5B5DA1D73A6120097C5D7 /* Project object */;
			proxyType = 1;
			remoteGlobalIDString = FBD5B5E11D73A6120097C5D7;
			remoteInfo = ContactApp;
		};
/* End PBXContainerItemProxy section */

/* Begin PBXFileReference section */
		FBD5B5E21D73A6120097C5D7 /* ContactApp.app */ = {isa = PBXFileReference; explicitFileType = wrapper.application; includeInIndex = 0; path = ContactApp.app; sourceTree = BUILT_PRODUCTS_DIR; };
		FBD5B5E51D73A6120097C5D7 /* AppDelegate.swift */ = {isa = PBXFileReference; lastKnownFileType = sourcecode.swift; path = AppDelegate.swift; sourceTree = "<group>"; };
		FBD5B5E71D73A6120097C5D7 /* ViewController.swift */ = {isa = PBXFileReference; lastKnownFileType = sourcecode.swift; path = ViewController.swift; sourceTree = "<group>"; };
		FBD5B5EA1D73A6130097C5D7 /* Base */ = {isa = PBXFileReference; lastKnownFileType = file.storyboard; name = Base; path = Base.lproj/Main.storyboard; sourceTree = "<group>"; };
		FBD5B5EC1D73A6130097C5D7 /* Assets.xcassets */ = {isa = PBXFileReference; lastKnownFileType = folder.assetcatalog; path = Assets.xcassets; sourceTree = "<group>"; };
		FBD5B5EF1D73A6130097C5D7 /* Base */ = {isa = PBXFileReference; lastKnownFileType = file.storyboard; name = Base; path = Base.lproj/LaunchScreen.storyboard; sourceTree = "<group>"; };
		FBD5B5F11D73A6130097C5D7 /* Info.plist */ = {isa = PBXFileReference; lastKnownFileType = text.plist.xml; path = Info.plist; sourceTree = "<group>"; };
		FBD5B5F61D73A6130097C5D7 /* ContactAppTests.xctest */ = {isa = PBXFileReference; explicitFileType = wrapper.cfbundle; includeInIndex = 0; path = ContactAppTests.xctest; sourceTree = BUILT_PRODUCTS_DIR; };
		FBD5B5FA1D73A6130097C5D7 /* ContactAppTests.swift */ = {isa = PBXFileReference; lastKnownFileType = sourcecode.swift; path = ContactAppTests.swift; sourceTree = "<group>"; };
		FBD5B5FC1D73A6130097C5D7 /* Info.plist */ = {isa = PBXFileReference; lastKnownFileType = text.plist.xml; path = Info.plist; sourceTree = "<group>"; };
		FBD5B6011D73A6130097C5D7 /* ContactAppUITests.xctest */ = {isa = PBXFileReference; explicitFileType = wrapper.cfbundle; includeInIndex = 0; path = ContactAppUITests.xctest; sourceTree = BUILT_PRODUCTS_DIR; };
		FBD5B6051D73A6130097C5D7 /* ContactAppUITests.swift */ = {isa = PBXFileReference; lastKnownFileType = sourcecode.swift; path = ContactAppUITests.swift; sourceTree = "<group>"; };
		FBD5B6071D73A6130097C5D7 /* Info.plist */ = {isa = PBXFileReference; lastKnownFileType = text.plist.xml; path = Info.plist; sourceTree = "<group>"; };
/* End PBXFileReference section */

/* Begin PBXFrameworksBuildPhase section */
		FBD5B5DF1D73A6120097C5D7 /* Frameworks */ = {
			isa = PBXFrameworksBuildPhase;
			buildActionMask = 2147483647;
			files = (
			);
			runOnlyForDeploymentPostprocessing = 0;
		};
		FBD5B5F31D73A6130097C5D7 /* Frameworks */ = {
			isa = PBXFrameworksBuildPhase;
			buildActionMask = 2147483647;
			files = (
			);
			runOnlyForDeploymentPostprocessing = 0;
		};
		FBD5B5FE1D73A6130097C5D7 /* Frameworks */ = {
			isa = PBXFrameworksBuildPhase;
			buildActionMask = 2147483647;
			files = (
			);
			runOnlyForDeploymentPostprocessing = 0;
		};
/* End PBXFrameworksBuildPhase section */

/* Begin PBXGroup section */
		FBD5B5D91D73A6120097C5D7 = {
			isa = PBXGroup;
			children = (
				FBD5B5E41D73A6120097C5D7 /* ContactApp */,
				FBD5B5F91D73A6130097C5D7 /* ContactAppTests */,
				FBD5B6041D73A6130097C5D7 /* ContactAppUITests */,
				FBD5B5E31D73A6120097C5D7 /* Products */,
			);
			sourceTree = "<group>";
		};
		FBD5B5E31D73A6120097C5D7 /* Products */ = {
			isa = PBXGroup;
			children = (
				FBD5B5E21D73A6120097C5D7 /* ContactApp.app */,
				FBD5B5F61D73A6130097C5D7 /* ContactAppTests.xctest */,
				FBD5B6011D73A6130097C5D7 /* ContactAppUITests.xctest */,
			);
			name = Products;
			sourceTree = "<group>";
		};
		FBD5B5E41D73A6120097C5D7 /* ContactApp */ = {
			isa = PBXGroup;
			children = (
				FBD5B5E51D73A6120097C5D7 /* AppDelegate.swift */,
				FBD5B5E71D73A6120097C5D7 /* ViewController.swift */,
				FBD5B5E91D73A6130097C5D7 /* Main.storyboard */,
				FBD5B5EC1D73A6130097C5D7 /* Assets.xcassets */,
				FBD5B5EE1D73A6130097C5D7 /* LaunchScreen.storyboard */,
				FBD5B5F11D73A6130097C5D7 /* Info.plist */,
			);
			path = ContactApp;
			sourceTree = "<group>";
		};
		FBD5B5F91D73A6130097C5D7 /* ContactAppTests */ = {
			isa = PBXGroup;
			children = (
				FBD5B5FA1D73A6130097C5D7 /* ContactAppTests.swift */,
				FBD5B5FC1D73A6130097C5D7 /* Info.plist */,
			);
			path = ContactAppTests;
			sourceTree = "<group>";
		};
		FBD5B6041D73A6130097C5D7 /* ContactAppUITests */ = {
			isa = PBXGroup;
			children = (
				FBD5B6051D73A6130097C5D7 /* ContactAppUITests.swift */,
				FBD5B6071D73A6130097C5D7 /* Info.plist */,
			);
			path = ContactAppUITests;
			sourceTree = "<group>";
		};
/* End PBXGroup section */

/* Begin PBXNativeTarget section */
		FBD5B5E11D73A6120097C5D7 /* ContactApp */ = {
			isa = PBXNativeTarget;
			buildConfigurationList = FBD5B60A1D73A6130097C5D7 /* Build configuration list for PBXNativeTarget "ContactApp" */;
			buildPhases = (
				FBD5B5DE1D73A6120097C5D7 /* Sources */,
				FBD5B5DF1D73A6120097C5D7 /* Frameworks */,
				FBD5B5E01D73A6120097C5D7 /* Resources */,
			);
			buildRules = (
			);
			dependencies = (
			);
			name = ContactApp;
			productName = ContactApp;
			productReference = FBD5B5E21D73A6120097C5D7 /* ContactApp.app */;
			productType = "com.apple.product-type.application";
		};
		FBD5B5F51D73A6130097C5D7 /* ContactAppTests */ = {
			isa = PBXNativeTarget;
			buildConfigurationList = FBD5B60D1D73A6130097C5D7 /* Build configuration list for PBXNativeTarget "ContactAppTests" */;
			buildPhases = (
				FBD5B5F21D73A6130097C5D7 /* Sources */,
				FBD5B5F31D73A6130097C5D7 /* Frameworks */,
				FBD5B5F41D73A6130097C5D7 /* Resources */,
			);
			buildRules = (
			);
			dependencies = (
				FBD5B5F81D73A6130097C5D7 /* PBXTargetDependency */,
			);
			name = ContactAppTests;
			productName = ContactAppTests;
			productReference = FBD5B5F61D73A6130097C5D7 /* ContactAppTests.xctest */;
			productType = "com.apple.product-type.bundle.unit-test";
		};
		FBD5B6001D73A6130097C5D7 /* ContactAppUITests */ = {
			isa = PBXNativeTarget;
			buildConfigurationList = FBD5B6101D73A6130097C5D7 /* Build configuration list for PBXNativeTarget "ContactAppUITests" */;
			buildPhases = (
				FBD5B5FD1D73A6130097C5D7 /* Sources */,
				FBD5B5FE1D73A6130097C5D7 /* Frameworks */,
				FBD5B5FF1D73A6130097C5D7 /* Resources */,
			);
			buildRules = (
			);
			dependencies = (
				FBD5B6031D73A6130097C5D7 /* PBXTargetDependency */,
			);
			name = ContactAppUITests;
			productName = ContactAppUITests;
			productReference = FBD5B6011D73A6130097C5D7 /* ContactAppUITests.xctest */;
			productType = "com.apple.product-type.bundle.ui-testing";
		};
/* End PBXNativeTarget section */

/* Begin PBXProject section */
		FBD5B5DA1D73A6120097C5D7 /* Project object */ = {
			isa = PBXProject;
			attributes = {
				LastSwiftUpdateCheck = 0730;
				LastUpgradeCheck = 0730;
				ORGANIZATIONNAME = "Lee Angioletti";
				TargetAttributes = {
					FBD5B5E11D73A6120097C5D7 = {
						CreatedOnToolsVersion = 7.3.1;
						DevelopmentTeam = 8476R2BK96;
					};
					FBD5B5F51D73A6130097C5D7 = {
						CreatedOnToolsVersion = 7.3.1;
						DevelopmentTeam = B7M7SN6P8B;
						TestTargetID = FBD5B5E11D73A6120097C5D7;
					};
					FBD5B6001D73A6130097C5D7 = {
						CreatedOnToolsVersion = 7.3.1;
						DevelopmentTeam = B7M7SN6P8B;
						TestTargetID = FBD5B5E11D73A6120097C5D7;
					};
				};
			};
			buildConfigurationList = FBD5B5DD1D73A6120097C5D7 /* Build configuration list for PBXProject "ContactApp" */;
			compatibilityVersion = "Xcode 3.2";
			developmentRegion = English;
			hasScannedForEncodings = 0;
			knownRegions = (
				en,
				Base,
			);
			mainGroup = FBD5B5D91D73A6120097C5D7;
			productRefGroup = FBD5B5E31D73A6120097C5D7 /* Products */;
			projectDirPath = "";
			projectRoot = "";
			targets = (
				FBD5B5E11D73A6120097C5D7 /* ContactApp */,
				FBD5B5F51D73A6130097C5D7 /* ContactAppTests */,
				FBD5B6001D73A6130097C5D7 /* ContactAppUITests */,
			);
		};
/* End PBXProject section */

/* Begin PBXResourcesBuildPhase section */
		FBD5B5E01D73A6120097C5D7 /* Resources */ = {
			isa = PBXResourcesBuildPhase;
			buildActionMask = 2147483647;
			files = (
				FBD5B5F01D73A6130097C5D7 /* LaunchScreen.storyboard in Resources */,
				FBD5B5ED1D73A6130097C5D7 /* Assets.xcassets in Resources */,
				FBD5B5EB1D73A6130097C5D7 /* Main.storyboard in Resources */,
			);
			runOnlyForDeploymentPostprocessing = 0;
		};
		FBD5B5F41D73A6130097C5D7 /* Resources */ = {
			isa = PBXResourcesBuildPhase;
			buildActionMask = 2147483647;
			files = (
			);
			runOnlyForDeploymentPostprocessing = 0;
		};
		FBD5B5FF1D73A6130097C5D7 /* Resources */ = {
			isa = PBXResourcesBuildPhase;
			buildActionMask = 2147483647;
			files = (
			);
			runOnlyForDeploymentPostprocessing = 0;
		};
/* End PBXResourcesBuildPhase section */

/* Begin PBXSourcesBuildPhase section */
		FBD5B5DE1D73A6120097C5D7 /* Sources */ = {
			isa = PBXSourcesBuildPhase;
			buildActionMask = 2147483647;
			files = (
				FBD5B5E81D73A6120097C5D7 /* ViewController.swift in Sources */,
				FBD5B5E61D73A6120097C5D7 /* AppDelegate.swift in Sources */,
			);
			runOnlyForDeploymentPostprocessing = 0;
		};
		FBD5B5F21D73A6130097C5D7 /* Sources */ = {
			isa = PBXSourcesBuildPhase;
			buildActionMask = 2147483647;
			files = (
				FBD5B5FB1D73A6130097C5D7 /* ContactAppTests.swift in Sources */,
			);
			runOnlyForDeploymentPostprocessing = 0;
		};
		FBD5B5FD1D73A6130097C5D7 /* Sources */ = {
			isa = PBXSourcesBuildPhase;
			buildActionMask = 2147483647;
			files = (
				FBD5B6061D73A6130097C5D7 /* ContactAppUITests.swift in Sources */,
			);
			runOnlyForDeploymentPostprocessing = 0;
		};
/* End PBXSourcesBuildPhase section */

/* Begin PBXTargetDependency section */
		FBD5B5F81D73A6130097C5D7 /* PBXTargetDependency */ = {
			isa = PBXTargetDependency;
			target = FBD5B5E11D73A6120097C5D7 /* ContactApp */;
			targetProxy = FBD5B5F71D73A6130097C5D7 /* PBXContainerItemProxy */;
		};
		FBD5B6031D73A6130097C5D7 /* PBXTargetDependency */ = {
			isa = PBXTargetDependency;
			target = FBD5B5E11D73A6120097C5D7 /* ContactApp */;
			targetProxy = FBD5B6021D73A6130097C5D7 /* PBXContainerItemProxy */;
		};
/* End PBXTargetDependency section */

/* Begin PBXVariantGroup section */
		FBD5B5E91D73A6130097C5D7 /* Main.storyboard */ = {
			isa = PBXVariantGroup;
			children = (
				FBD5B5EA1D73A6130097C5D7 /* Base */,
			);
			name = Main.storyboard;
			sourceTree = "<group>";
		};
		FBD5B5EE1D73A6130097C5D7 /* LaunchScreen.storyboard */ = {
			isa = PBXVariantGroup;
			children = (
				FBD5B5EF1D73A6130097C5D7 /* Base */,
			);
			name = LaunchScreen.storyboard;
			sourceTree = "<group>";
		};
/* End PBXVariantGroup section */

/* Begin XCBuildConfiguration section */
		FBD5B6081D73A6130097C5D7 /* Debug */ = {
			isa = XCBuildConfiguration;
			buildSettings = {
				ALWAYS_SEARCH_USER_PATHS = NO;
				CLANG_ANALYZER_NONNULL = YES;
				CLANG_CXX_LANGUAGE_STANDARD = "gnu++0x";
				CLANG_CXX_LIBRARY = "libc++";
				CLANG_ENABLE_MODULES = YES;
				CLANG_ENABLE_OBJC_ARC = YES;
				CLANG_WARN_BOOL_CONVERSION = YES;
				CLANG_WARN_CONSTANT_CONVERSION = YES;
				CLANG_WARN_DIRECT_OBJC_ISA_USAGE = YES_ERROR;
				CLANG_WARN_EMPTY_BODY = YES;
				CLANG_WARN_ENUM_CONVERSION = YES;
				CLANG_WARN_INT_CONVERSION = YES;
				CLANG_WARN_OBJC_ROOT_CLASS = YES_ERROR;
				CLANG_WARN_UNREACHABLE_CODE = YES;
				CLANG_WARN__DUPLICATE_METHOD_MATCH = YES;
				"CODE_SIGN_IDENTITY[sdk=iphoneos*]" = "iPhone Developer";
				COPY_PHASE_STRIP = NO;
				DEBUG_INFORMATION_FORMAT = dwarf;
				ENABLE_STRICT_OBJC_MSGSEND = YES;
				ENABLE_TESTABILITY = YES;
				GCC_C_LANGUAGE_STANDARD = gnu99;
				GCC_DYNAMIC_NO_PIC = NO;
				GCC_NO_COMMON_BLOCKS = YES;
				GCC_OPTIMIZATION_LEVEL = 0;
				GCC_PREPROCESSOR_DEFINITIONS = (
					"DEBUG=1",
					"$(inherited)",
				);
				GCC_WARN_64_TO_32_BIT_CONVERSION = YES;
				GCC_WARN_ABOUT_RETURN_TYPE = YES_ERROR;
				GCC_WARN_UNDECLARED_SELECTOR = YES;
				GCC_WARN_UNINITIALIZED_AUTOS = YES_AGGRESSIVE;
				GCC_WARN_UNUSED_FUNCTION = YES;
				GCC_WARN_UNUSED_VARIABLE = YES;
				IPHONEOS_DEPLOYMENT_TARGET = 9.3;
				MTL_ENABLE_DEBUG_INFO = YES;
				ONLY_ACTIVE_ARCH = YES;
				SDKROOT = iphoneos;
				SWIFT_OPTIMIZATION_LEVEL = "-Onone";
				TARGETED_DEVICE_FAMILY = "1,2";
			};
			name = Debug;
		};
		FBD5B6091D73A6130097C5D7 /* Release */ = {
			isa = XCBuildConfiguration;
			buildSettings = {
				ALWAYS_SEARCH_USER_PATHS = NO;
				CLANG_ANALYZER_NONNULL = YES;
				CLANG_CXX_LANGUAGE_STANDARD = "gnu++0x";
				CLANG_CXX_LIBRARY = "libc++";
				CLANG_ENABLE_MODULES = YES;
				CLANG_ENABLE_OBJC_ARC = YES;
				CLANG_WARN_BOOL_CONVERSION = YES;
				CLANG_WARN_CONSTANT_CONVERSION = YES;
				CLANG_WARN_DIRECT_OBJC_ISA_USAGE = YES_ERROR;
				CLANG_WARN_EMPTY_BODY = YES;
				CLANG_WARN_ENUM_CONVERSION = YES;
				CLANG_WARN_INT_CONVERSION = YES;
				CLANG_WARN_OBJC_ROOT_CLASS = YES_ERROR;
				CLANG_WARN_UNREACHABLE_CODE = YES;
				CLANG_WARN__DUPLICATE_METHOD_MATCH = YES;
				"CODE_SIGN_IDENTITY[sdk=iphoneos*]" = "iPhone Developer";
				COPY_PHASE_STRIP = NO;
				DEBUG_INFORMATION_FORMAT = "dwarf-with-dsym";
				ENABLE_NS_ASSERTIONS = NO;
				ENABLE_STRICT_OBJC_MSGSEND = YES;
				GCC_C_LANGUAGE_STANDARD = gnu99;
				GCC_NO_COMMON_BLOCKS = YES;
				GCC_WARN_64_TO_32_BIT_CONVERSION = YES;
				GCC_WARN_ABOUT_RETURN_TYPE = YES_ERROR;
				GCC_WARN_UNDECLARED_SELECTOR = YES;
				GCC_WARN_UNINITIALIZED_AUTOS = YES_AGGRESSIVE;
				GCC_WARN_UNUSED_FUNCTION = YES;
				GCC_WARN_UNUSED_VARIABLE = YES;
				IPHONEOS_DEPLOYMENT_TARGET = 9.3;
				MTL_ENABLE_DEBUG_INFO = NO;
				SDKROOT = iphoneos;
				TARGETED_DEVICE_FAMILY = "1,2";
				VALIDATE_PRODUCT = YES;
			};
			name = Release;
		};
		FBD5B60B1D73A6130097C5D7 /* Debug */ = {
			isa = XCBuildConfiguration;
			buildSettings = {
				ASSETCATALOG_COMPILER_APPICON_NAME = AppIcon;
				CODE_SIGN_IDENTITY = "iPhone Developer";
				INFOPLIST_FILE = ContactApp/Info.plist;
				LD_RUNPATH_SEARCH_PATHS = "$(inherited) @executable_path/Frameworks";
				PRODUCT_BUNDLE_IDENTIFIER = Langio.ContactApp;
				PRODUCT_NAME = "$(TARGET_NAME)";
			};
			name = Debug;
		};
		FBD5B60C1D73A6130097C5D7 /* Release */ = {
			isa = XCBuildConfiguration;
			buildSettings = {
				ASSETCATALOG_COMPILER_APPICON_NAME = AppIcon;
				CODE_SIGN_IDENTITY = "iPhone Developer";
				INFOPLIST_FILE = ContactApp/Info.plist;
				LD_RUNPATH_SEARCH_PATHS = "$(inherited) @executable_path/Frameworks";
				PRODUCT_BUNDLE_IDENTIFIER = Langio.ContactApp;
				PRODUCT_NAME = "$(TARGET_NAME)";
			};
			name = Release;
		};
		FBD5B60E1D73A6130097C5D7 /* Debug */ = {
			isa = XCBuildConfiguration;
			buildSettings = {
				BUNDLE_LOADER = "$(TEST_HOST)";
				INFOPLIST_FILE = ContactAppTests/Info.plist;
				LD_RUNPATH_SEARCH_PATHS = "$(inherited) @executable_path/Frameworks @loader_path/Frameworks";
				PRODUCT_BUNDLE_IDENTIFIER = Langio.ContactAppTests;
				PRODUCT_NAME = "$(TARGET_NAME)";
				TEST_HOST = "$(BUILT_PRODUCTS_DIR)/ContactApp.app/ContactApp";
			};
			name = Debug;
		};
		FBD5B60F1D73A6130097C5D7 /* Release */ = {
			isa = XCBuildConfiguration;
			buildSettings = {
				BUNDLE_LOADER = "$(TEST_HOST)";
				INFOPLIST_FILE = ContactAppTests/Info.plist;
				LD_RUNPATH_SEARCH_PATHS = "$(inherited) @executable_path/Frameworks @loader_path/Frameworks";
				PRODUCT_BUNDLE_IDENTIFIER = Langio.ContactAppTests;
				PRODUCT_NAME = "$(TARGET_NAME)";
				TEST_HOST = "$(BUILT_PRODUCTS_DIR)/ContactApp.app/ContactApp";
			};
			name = Release;
		};
		FBD5B6111D73A6130097C5D7 /* Debug */ = {
			isa = XCBuildConfiguration;
			buildSettings = {
				INFOPLIST_FILE = ContactAppUITests/Info.plist;
				LD_RUNPATH_SEARCH_PATHS = "$(inherited) @executable_path/Frameworks @loader_path/Frameworks";
				PRODUCT_BUNDLE_IDENTIFIER = Langio.ContactAppUITests;
				PRODUCT_NAME = "$(TARGET_NAME)";
				TEST_TARGET_NAME = ContactApp;
			};
			name = Debug;
		};
		FBD5B6121D73A6130097C5D7 /* Release */ = {
			isa = XCBuildConfiguration;
			buildSettings = {
				INFOPLIST_FILE = ContactAppUITests/Info.plist;
				LD_RUNPATH_SEARCH_PATHS = "$(inherited) @executable_path/Frameworks @loader_path/Frameworks";
				PRODUCT_BUNDLE_IDENTIFIER = Langio.ContactAppUITests;
				PRODUCT_NAME = "$(TARGET_NAME)";
				TEST_TARGET_NAME = ContactApp;
			};
			name = Release;
		};
/* End XCBuildConfiguration section */

/* Begin XCConfigurationList section */
		FBD5B5DD1D73A6120097C5D7 /* Build configuration list for PBXProject "ContactApp" */ = {
			isa = XCConfigurationList;
			buildConfigurations = (
				FBD5B6081D73A6130097C5D7 /* Debug */,
				FBD5B6091D73A6130097C5D7 /* Release */,
			);
			defaultConfigurationIsVisible = 0;
			defaultConfigurationName = Release;
		};
		FBD5B60A1D73A6130097C5D7 /* Build configuration list for PBXNativeTarget "ContactApp" */ = {
			isa = XCConfigurationList;
			buildConfigurations = (
				FBD5B60B1D73A6130097C5D7 /* Debug */,
				FBD5B60C1D73A6130097C5D7 /* Release */,
			);
			defaultConfigurationIsVisible = 0;
		};
		FBD5B60D1D73A6130097C5D7 /* Build configuration list for PBXNativeTarget "ContactAppTests" */ = {
			isa = XCConfigurationList;
			buildConfigurations = (
				FBD5B60E1D73A6130097C5D7 /* Debug */,
				FBD5B60F1D73A6130097C5D7 /* Release */,
			);
			defaultConfigurationIsVisible = 0;
		};
		FBD5B6101D73A6130097C5D7 /* Build configuration list for PBXNativeTarget "ContactAppUITests" */ = {
			isa = XCConfigurationList;
			buildConfigurations = (
				FBD5B6111D73A6130097C5D7 /* Debug */,
				FBD5B6121D73A6130097C5D7 /* Release */,
			);
			defaultConfigurationIsVisible = 0;
		};
/* End XCConfigurationList section */
	};
	rootObject = FBD5B5DA1D73A6120097C5D7 /* Project object */;
}
